{
    "_readme": [
        "This file locks the dependencies of your project to a known state",
        "Read more about it at http://getcomposer.org/doc/01-basic-usage.md#composer-lock-the-lock-file"
    ],
    "hash": "6d3bd63294fcd414cf3074c573a8a29c",
    "packages": [
        {
            "name": "erusev/parsedown",
            "version": "1.0.1",
            "source": {
                "type": "git",
                "url": "https://github.com/erusev/parsedown.git",
                "reference": "d24439ada0704948deef0d3eda2ea20fd8db1747"
            },
            "dist": {
                "type": "zip",
                "url": "https://api.github.com/repos/erusev/parsedown/zipball/d24439ada0704948deef0d3eda2ea20fd8db1747",
                "reference": "d24439ada0704948deef0d3eda2ea20fd8db1747",
                "shasum": ""
            },
            "type": "library",
            "autoload": {
                "psr-0": {
                    "Parsedown": ""
                }
            },
            "notification-url": "http://packagist.org/downloads/",
            "license": [
                "MIT"
            ],
            "authors": [
                {
                    "name": "Emanuil Rusev",
                    "email": "hello@erusev.com",
                    "homepage": "http://erusev.com"
                }
            ],
            "description": "Parser for Markdown.",
            "homepage": "http://parsedown.org",
            "keywords": [
                "markdown",
                "parser"
            ],
            "time": "2014-05-21 20:20:46"
        },
        {
            "name": "google/apiclient",
            "version": "dev-master",
            "source": {
                "type": "git",
                "url": "https://github.com/google/google-api-php-client.git",
                "reference": "99727b0129b23eaaf916d4a665e751d5732d563c"
            },
            "dist": {
                "type": "zip",
                "url": "https://api.github.com/repos/google/google-api-php-client/zipball/99727b0129b23eaaf916d4a665e751d5732d563c",
                "reference": "99727b0129b23eaaf916d4a665e751d5732d563c",
                "shasum": ""
            },
            "require": {
                "php": ">=5.2.1"
            },
            "require-dev": {
                "phpunit/phpunit": "3.7.*"
            },
            "type": "library",
            "extra": {
                "branch-alias": {
                    "dev-master": "1.0.x-dev"
                }
            },
            "autoload": {
                "classmap": [
                    "src/"
                ]
            },
            "notification-url": "http://packagist.org/downloads/",
            "include-path": [
                "src/"
            ],
            "license": [
                "Apache-2.0"
            ],
            "description": "Client library for Google APIs",
            "homepage": "http://developers.google.com/api-client-library/php",
            "keywords": [
                "google"
            ],
            "time": "2014-08-28 23:03:50"
        },
        {
            "name": "nikic/php-parser",
            "version": "dev-master",
            "source": {
                "type": "git",
                "url": "https://github.com/nikic/PHP-Parser.git",
                "reference": "31bc022d0ddacb5c2fcf0fa499098c76569f7b42"
            },
            "dist": {
                "type": "zip",
                "url": "https://api.github.com/repos/nikic/PHP-Parser/zipball/31bc022d0ddacb5c2fcf0fa499098c76569f7b42",
                "reference": "31bc022d0ddacb5c2fcf0fa499098c76569f7b42",
                "shasum": ""
            },
            "require": {
                "ext-tokenizer": "*",
                "php": ">=5.3"
            },
            "type": "library",
            "extra": {
                "branch-alias": {
                    "dev-master": "1.0-dev"
                }
            },
            "autoload": {
                "files": [
                    "lib/bootstrap.php"
                ]
            },
            "notification-url": "https://packagist.org/downloads/",
            "license": [
                "BSD-3-Clause"
            ],
            "authors": [
                {
                    "name": "Nikita Popov"
                }
            ],
            "description": "A PHP parser written in PHP",
            "keywords": [
                "parser",
                "php"
            ],
            "time": "2014-08-30 10:12:32"
        },
        {
            "name": "watoki/cfg",
            "version": "dev-master",
            "source": {
                "type": "git",
                "url": "https://github.com/watoki/cfg.git",
                "reference": "302c997fe89b7389d4916d0e7df8fa1f53e14533"
            },
            "dist": {
                "type": "zip",
                "url": "https://api.github.com/repos/watoki/cfg/zipball/302c997fe89b7389d4916d0e7df8fa1f53e14533",
                "reference": "302c997fe89b7389d4916d0e7df8fa1f53e14533",
                "shasum": ""
            },
            "require": {
                "php": ">=5.3.8",
                "watoki/factory": "*"
            },
            "require-dev": {
                "watoki/scrut": "*"
            },
            "type": "library",
            "autoload": {
                "psr-0": {
                    "watoki\\cfg": "src/",
                    "spec\\watoki\\cfg": ""
                }
            },
            "notification-url": "https://packagist.org/downloads/",
            "license": [
                "MIT"
            ],
            "authors": [
                {
                    "name": "Nikolas Martens",
                    "email": "Nikolas.M@rtens.org",
                    "homepage": "http://rtens.org"
                }
            ],
            "description": "Configuration loader",
            "homepage": "http://github.com/watoki/cfg",
            "keywords": [
                "configuration",
                "watoki"
            ],
            "time": "2013-11-21 12:47:38"
        },
        {
            "name": "watoki/collections",
            "version": "dev-master",
            "source": {
                "type": "git",
                "url": "https://github.com/watoki/collections.git",
                "reference": "a82f3e39f1e450af910486dcf1ea5fdbb5a176df"
            },
            "dist": {
                "type": "zip",
                "url": "https://api.github.com/repos/watoki/collections/zipball/a82f3e39f1e450af910486dcf1ea5fdbb5a176df",
                "reference": "a82f3e39f1e450af910486dcf1ea5fdbb5a176df",
                "shasum": ""
            },
            "require": {
                "php": ">=5.3.2",
                "watoki/smokey": "*"
            },
            "type": "library",
            "autoload": {
                "psr-0": {
                    "spec\\watoki\\collections": "",
                    "watoki\\collections": "src/"
                }
            },
            "notification-url": "https://packagist.org/downloads/",
            "license": [
                "MIT"
            ],
            "authors": [
                {
                    "name": "Nikolas Martens",
                    "email": "Nikolas.M@rtens.org",
                    "homepage": "http://rtens.org"
                }
            ],
            "description": "Array wrapper for more structured collections for PHP",
            "homepage": "http://github.com/watoki/collections",
            "keywords": [
                "collection",
                "data structure",
                "watoki"
            ],
            "time": "2014-02-22 09:18:23"
        },
        {
            "name": "watoki/curir",
            "version": "dev-master",
            "source": {
                "type": "git",
                "url": "https://github.com/watoki/curir.git",
                "reference": "5bdac5d8c47e66f610c2082001356926b3583b1b"
            },
            "dist": {
                "type": "zip",
                "url": "https://api.github.com/repos/watoki/curir/zipball/5bdac5d8c47e66f610c2082001356926b3583b1b",
                "reference": "5bdac5d8c47e66f610c2082001356926b3583b1b",
                "shasum": ""
            },
            "require": {
                "php": ">=5.3.8",
                "watoki/collections": "*",
                "watoki/factory": "*"
            },
            "require-dev": {
                "watoki/scrut": "*"
            },
            "type": "library",
            "autoload": {
                "psr-0": {
                    "watoki\\curir": "src/",
                    "spec\\watoki\\curir": ""
                }
            },
            "notification-url": "http://packagist.org/downloads/",
            "license": [
                "MIT"
            ],
            "authors": [
                {
                    "name": "Nikolas Martens",
                    "email": "Nikolas.M@rtens.org",
                    "homepage": "http://rtens.org"
                }
            ],
            "description": "Web delivery system for PHP applications",
            "homepage": "http://github.com/watoki/curir",
            "keywords": [
                "mvc",
                "router",
                "routing",
                "watoki"
            ],
            "time": "2014-08-29 12:01:55"
        },
        {
            "name": "watoki/dom",
            "version": "dev-master",
            "source": {
                "type": "git",
                "url": "https://github.com/watoki/dom.git",
                "reference": "ae1c9ce153e1b663b4b76bf9dddcf89b006308f6"
            },
            "dist": {
                "type": "zip",
                "url": "https://api.github.com/repos/watoki/dom/zipball/ae1c9ce153e1b663b4b76bf9dddcf89b006308f6",
                "reference": "ae1c9ce153e1b663b4b76bf9dddcf89b006308f6",
                "shasum": ""
            },
            "require": {
                "php": ">=5.3.8",
                "watoki/collections": "*"
            },
            "type": "library",
            "autoload": {
                "psr-0": {
                    "watoki\\dom": "src/",
                    "spec\\watoki\\dom": ""
                }
            },
            "notification-url": "http://packagist.org/downloads/",
            "license": [
                "MIT"
            ],
            "authors": [
                {
                    "name": "Nikolas Martens",
                    "email": "Nikolas.M@rtens.org",
                    "homepage": "http://rtens.org"
                }
            ],
            "description": "A minimal (X)HTML/XML parser for PHP",
            "homepage": "http://github.com/watoki/dom",
            "keywords": [
                "parser",
                "watoki"
            ],
            "time": "2014-08-29 12:35:24"
        },
        {
            "name": "watoki/factory",
            "version": "dev-master",
            "source": {
                "type": "git",
                "url": "https://github.com/watoki/factory.git",
                "reference": "a6f60634f6edf0b22549cb6a95f1ec6363fa0a3b"
            },
            "dist": {
                "type": "zip",
                "url": "https://api.github.com/repos/watoki/factory/zipball/a6f60634f6edf0b22549cb6a95f1ec6363fa0a3b",
                "reference": "a6f60634f6edf0b22549cb6a95f1ec6363fa0a3b",
                "shasum": ""
            },
            "require": {
                "nikic/php-parser": "1.*",
                "php": ">=5.3.8"
            },
            "require-dev": {
                "watoki/scrut": "*"
            },
            "type": "library",
            "autoload": {
                "psr-0": {
                    "watoki\\factory": "src/",
                    "spec\\watoki\\factory": ""
                }
            },
            "notification-url": "http://packagist.org/downloads/",
            "license": [
                "MIT"
            ],
            "authors": [
                {
                    "name": "Nikolas Martens",
                    "email": "Nikolas.M@rtens.org",
                    "homepage": "http://rtens.org"
                }
            ],
            "description": "A simple dependency injection container for PHP",
            "homepage": "http://github.com/watoki/factory",
            "keywords": [
                "dependency injection",
                "watoki"
            ],
            "time": "2014-08-29 12:35:23"
        },
        {
            "name": "watoki/smokey",
            "version": "dev-master",
            "source": {
                "type": "git",
                "url": "https://github.com/watoki/smokey.git",
                "reference": "ea146faf54720b74df22a2602500420b6cc844fb"
            },
            "dist": {
                "type": "zip",
                "url": "https://api.github.com/repos/watoki/smokey/zipball/ea146faf54720b74df22a2602500420b6cc844fb",
                "reference": "ea146faf54720b74df22a2602500420b6cc844fb",
                "shasum": ""
            },
            "require": {
                "php": ">=5.3.2"
            },
            "type": "library",
            "autoload": {
                "psr-0": {
                    "spec\\watoki\\smokey": "",
                    "watoki\\smokey": "src/"
                }
            },
            "notification-url": "https://packagist.org/downloads/",
            "license": [
                "MIT"
            ],
            "authors": [
                {
                    "name": "Nikolas Martens",
                    "email": "Nikolas.M@rtens.org",
                    "homepage": "http://rtens.org"
                }
            ],
            "description": "Simple runtime event dispatcher for PHP",
            "homepage": "http://github.com/watoki/smokey",
            "keywords": [
                "event",
                "event dispatcher",
                "watoki"
            ],
            "time": "2013-03-05 08:49:27"
        },
        {
            "name": "watoki/tempan",
            "version": "dev-master",
            "source": {
                "type": "git",
                "url": "https://github.com/watoki/tempan.git",
                "reference": "8152b5ae489f8c69b15e4675780d852c75d94658"
            },
            "dist": {
                "type": "zip",
                "url": "https://api.github.com/repos/watoki/tempan/zipball/8152b5ae489f8c69b15e4675780d852c75d94658",
                "reference": "8152b5ae489f8c69b15e4675780d852c75d94658",
                "shasum": ""
            },
            "require": {
                "php": ">=5.3.8",
                "watoki/collections": "*",
                "watoki/dom": "*"
            },
            "type": "library",
            "autoload": {
                "psr-0": {
                    "watoki\\tempan": "src/",
                    "spec\\watoki\\tempan": ""
                }
            },
            "notification-url": "http://packagist.org/downloads/",
            "license": [
                "MIT"
            ],
            "authors": [
                {
                    "name": "Nikolas Martens",
                    "email": "Nikolas.M@rtens.org",
                    "homepage": "http://rtens.org"
                }
            ],
            "description": "Template animation engine using annotated HTML for PHP",
            "homepage": "http://github.com/watoki/tempan",
            "keywords": [
                "rdfa",
                "template",
                "template animation",
                "watoki"
            ],
            "time": "2014-08-29 12:36:52"
        }
    ],
    "packages-dev": [
        {
            "name": "phpunit/php-code-coverage",
            "version": "1.2.x-dev",
            "source": {
                "type": "git",
                "url": "https://github.com/sebastianbergmann/php-code-coverage.git",
                "reference": "61fed79803b6c75d461b909dfac05bbef5cd4f46"
            },
            "dist": {
                "type": "zip",
                "url": "https://api.github.com/repos/sebastianbergmann/php-code-coverage/zipball/61fed79803b6c75d461b909dfac05bbef5cd4f46",
                "reference": "61fed79803b6c75d461b909dfac05bbef5cd4f46",
                "shasum": ""
            },
            "require": {
                "php": ">=5.3.3",
                "phpunit/php-file-iterator": ">=1.3.0@stable",
                "phpunit/php-text-template": ">=1.2.0@stable",
                "phpunit/php-token-stream": ">=1.1.3@stable"
            },
            "require-dev": {
                "phpunit/phpunit": "3.7.*@dev"
            },
            "suggest": {
                "ext-dom": "*",
                "ext-xdebug": ">=2.0.5"
            },
            "type": "library",
            "extra": {
                "branch-alias": {
                    "dev-master": "1.2.x-dev"
                }
            },
            "autoload": {
                "classmap": [
                    "PHP/"
                ]
            },
            "notification-url": "https://packagist.org/downloads/",
            "include-path": [
                ""
            ],
            "license": [
                "BSD-3-Clause"
            ],
            "authors": [
                {
                    "name": "Sebastian Bergmann",
                    "email": "sb@sebastian-bergmann.de",
                    "role": "lead"
                }
            ],
            "description": "Library that provides collection, processing, and rendering functionality for PHP code coverage information.",
            "homepage": "https://github.com/sebastianbergmann/php-code-coverage",
            "keywords": [
                "coverage",
                "testing",
                "xunit"
            ],
            "time": "2014-05-19 01:58:57"
        },
        {
            "name": "phpunit/php-file-iterator",
            "version": "1.3.4",
            "source": {
                "type": "git",
                "url": "https://github.com/sebastianbergmann/php-file-iterator.git",
                "reference": "acd690379117b042d1c8af1fafd61bde001bf6bb"
            },
            "dist": {
                "type": "zip",
                "url": "https://api.github.com/repos/sebastianbergmann/php-file-iterator/zipball/acd690379117b042d1c8af1fafd61bde001bf6bb",
                "reference": "acd690379117b042d1c8af1fafd61bde001bf6bb",
                "shasum": ""
            },
            "require": {
                "php": ">=5.3.3"
            },
            "type": "library",
            "autoload": {
                "classmap": [
                    "File/"
                ]
            },
            "notification-url": "https://packagist.org/downloads/",
            "include-path": [
                ""
            ],
            "license": [
                "BSD-3-Clause"
            ],
            "authors": [
                {
                    "name": "Sebastian Bergmann",
                    "email": "sb@sebastian-bergmann.de",
                    "role": "lead"
                }
            ],
            "description": "FilterIterator implementation that filters files based on a list of suffixes.",
            "homepage": "https://github.com/sebastianbergmann/php-file-iterator/",
            "keywords": [
                "filesystem",
                "iterator"
            ],
            "time": "2013-10-10 15:34:57"
        },
        {
            "name": "phpunit/php-text-template",
            "version": "1.2.0",
            "source": {
                "type": "git",
                "url": "https://github.com/sebastianbergmann/php-text-template.git",
                "reference": "206dfefc0ffe9cebf65c413e3d0e809c82fbf00a"
            },
            "dist": {
                "type": "zip",
                "url": "https://api.github.com/repos/sebastianbergmann/php-text-template/zipball/206dfefc0ffe9cebf65c413e3d0e809c82fbf00a",
                "reference": "206dfefc0ffe9cebf65c413e3d0e809c82fbf00a",
                "shasum": ""
            },
            "require": {
                "php": ">=5.3.3"
            },
            "type": "library",
            "autoload": {
                "classmap": [
                    "Text/"
                ]
            },
            "notification-url": "https://packagist.org/downloads/",
            "include-path": [
                ""
            ],
            "license": [
                "BSD-3-Clause"
            ],
            "authors": [
                {
                    "name": "Sebastian Bergmann",
                    "email": "sb@sebastian-bergmann.de",
                    "role": "lead"
                }
            ],
            "description": "Simple template engine.",
            "homepage": "https://github.com/sebastianbergmann/php-text-template/",
            "keywords": [
                "template"
            ],
            "time": "2014-01-30 17:20:04"
        },
        {
            "name": "phpunit/php-timer",
            "version": "1.0.5",
            "source": {
                "type": "git",
                "url": "https://github.com/sebastianbergmann/php-timer.git",
                "reference": "19689d4354b295ee3d8c54b4f42c3efb69cbc17c"
            },
            "dist": {
                "type": "zip",
                "url": "https://api.github.com/repos/sebastianbergmann/php-timer/zipball/19689d4354b295ee3d8c54b4f42c3efb69cbc17c",
                "reference": "19689d4354b295ee3d8c54b4f42c3efb69cbc17c",
                "shasum": ""
            },
            "require": {
                "php": ">=5.3.3"
            },
            "type": "library",
            "autoload": {
                "classmap": [
                    "PHP/"
                ]
            },
            "notification-url": "https://packagist.org/downloads/",
            "include-path": [
                ""
            ],
            "license": [
                "BSD-3-Clause"
            ],
            "authors": [
                {
                    "name": "Sebastian Bergmann",
                    "email": "sb@sebastian-bergmann.de",
                    "role": "lead"
                }
            ],
            "description": "Utility class for timing",
            "homepage": "https://github.com/sebastianbergmann/php-timer/",
            "keywords": [
                "timer"
            ],
            "time": "2013-08-02 07:42:54"
        },
        {
            "name": "phpunit/php-token-stream",
            "version": "dev-master",
            "source": {
                "type": "git",
                "url": "https://github.com/sebastianbergmann/php-token-stream.git",
                "reference": "f8d5d08c56de5cfd592b3340424a81733259a876"
            },
            "dist": {
                "type": "zip",
                "url": "https://api.github.com/repos/sebastianbergmann/php-token-stream/zipball/f8d5d08c56de5cfd592b3340424a81733259a876",
                "reference": "f8d5d08c56de5cfd592b3340424a81733259a876",
                "shasum": ""
            },
            "require": {
                "ext-tokenizer": "*",
                "php": ">=5.3.3"
            },
            "require-dev": {
                "phpunit/phpunit": "~4.2"
            },
            "type": "library",
            "extra": {
                "branch-alias": {
                    "dev-master": "1.3-dev"
                }
            },
            "autoload": {
                "classmap": [
                    "src/"
                ]
            },
            "notification-url": "https://packagist.org/downloads/",
            "license": [
                "BSD-3-Clause"
            ],
            "authors": [
                {
                    "name": "Sebastian Bergmann",
                    "email": "sebastian@phpunit.de"
                }
            ],
            "description": "Wrapper around PHP's tokenizer extension.",
            "homepage": "https://github.com/sebastianbergmann/php-token-stream/",
            "keywords": [
                "tokenizer"
            ],
            "time": "2014-08-31 06:12:13"
        },
        {
            "name": "phpunit/phpunit",
            "version": "3.7.x-dev",
            "source": {
                "type": "git",
                "url": "https://github.com/sebastianbergmann/phpunit.git",
                "reference": "ae6cefd7cc84586a5ef27e04bae11ee940ec63dc"
            },
            "dist": {
                "type": "zip",
                "url": "https://api.github.com/repos/sebastianbergmann/phpunit/zipball/ae6cefd7cc84586a5ef27e04bae11ee940ec63dc",
                "reference": "ae6cefd7cc84586a5ef27e04bae11ee940ec63dc",
                "shasum": ""
            },
            "require": {
                "ext-ctype": "*",
                "ext-dom": "*",
                "ext-json": "*",
                "ext-pcre": "*",
                "ext-reflection": "*",
                "ext-spl": "*",
                "php": ">=5.3.3",
                "phpunit/php-code-coverage": "~1.2",
                "phpunit/php-file-iterator": "~1.3",
                "phpunit/php-text-template": "~1.1",
                "phpunit/php-timer": "~1.0",
                "phpunit/phpunit-mock-objects": "~1.2",
                "symfony/yaml": "~2.0"
            },
            "require-dev": {
                "pear-pear.php.net/pear": "1.9.4"
            },
            "suggest": {
                "phpunit/php-invoker": "~1.1"
            },
            "bin": [
                "composer/bin/phpunit"
            ],
            "type": "library",
            "extra": {
                "branch-alias": {
                    "dev-master": "3.7.x-dev"
                }
            },
            "autoload": {
                "classmap": [
                    "PHPUnit/"
                ]
            },
            "notification-url": "https://packagist.org/downloads/",
            "include-path": [
                "",
                "../../symfony/yaml/"
            ],
            "license": [
                "BSD-3-Clause"
            ],
            "authors": [
                {
                    "name": "Sebastian Bergmann",
                    "email": "sebastian@phpunit.de",
                    "role": "lead"
                }
            ],
            "description": "The PHP Unit Testing framework.",
            "homepage": "http://www.phpunit.de/",
            "keywords": [
                "phpunit",
                "testing",
                "xunit"
            ],
            "time": "2014-04-30 12:24:19"
        },
        {
            "name": "phpunit/phpunit-mock-objects",
            "version": "1.2.x-dev",
            "source": {
                "type": "git",
                "url": "https://github.com/sebastianbergmann/phpunit-mock-objects.git",
                "reference": "c39c4511c3b007539eb170c32cbc2af49a07351a"
            },
            "dist": {
                "type": "zip",
                "url": "https://api.github.com/repos/sebastianbergmann/phpunit-mock-objects/zipball/c39c4511c3b007539eb170c32cbc2af49a07351a",
                "reference": "c39c4511c3b007539eb170c32cbc2af49a07351a",
                "shasum": ""
            },
            "require": {
                "php": ">=5.3.3",
                "phpunit/php-text-template": ">=1.1.1@stable"
            },
            "require-dev": {
                "phpunit/phpunit": "3.7.*@dev"
            },
            "suggest": {
                "ext-soap": "*"
            },
            "type": "library",
            "extra": {
                "branch-alias": {
                    "dev-master": "1.2.x-dev"
                }
            },
            "autoload": {
                "classmap": [
                    "PHPUnit/"
                ]
            },
            "notification-url": "https://packagist.org/downloads/",
            "include-path": [
                ""
            ],
            "license": [
                "BSD-3-Clause"
            ],
            "authors": [
                {
                    "name": "Sebastian Bergmann",
                    "email": "sb@sebastian-bergmann.de",
                    "role": "lead"
                }
            ],
            "description": "Mock Object library for PHPUnit",
            "homepage": "https://github.com/sebastianbergmann/phpunit-mock-objects/",
            "keywords": [
                "mock",
                "xunit"
            ],
            "time": "2014-02-16 12:43:56"
        },
        {
            "name": "rtens/mockster",
            "version": "dev-master",
            "source": {
                "type": "git",
                "url": "https://github.com/rtens/mockster.git",
                "reference": "a92445439eaded368a22e2f19739fabd7af5025d"
            },
            "dist": {
                "type": "zip",
                "url": "https://api.github.com/repos/rtens/mockster/zipball/a92445439eaded368a22e2f19739fabd7af5025d",
                "reference": "a92445439eaded368a22e2f19739fabd7af5025d",
                "shasum": ""
            },
            "require": {
                "php": ">=5.3.2",
                "watoki/factory": "*"
            },
            "require-dev": {
                "watoki/scrut": "*"
            },
            "type": "library",
            "autoload": {
                "psr-0": {
                    "rtens\\mockster": "src/",
                    "spec\\rtens\\mockster": ""
                }
            },
            "notification-url": "https://packagist.org/downloads/",
            "license": [
                "MIT"
            ],
            "authors": [
                {
                    "name": "Nikolas Martens",
                    "email": "Nikolas.M@rtens.org",
                    "homepage": "http://rtens.org"
                }
            ],
            "description": "PHP Mocking framework",
            "homepage": "http://github.com/rtens/mockster",
            "keywords": [
                "BDD",
                "mock",
                "mocking",
                "unit testing"
            ],
            "time": "2014-07-15 14:03:40"
        },
        {
            "name": "symfony/yaml",
            "version": "dev-master",
            "target-dir": "Symfony/Component/Yaml",
            "source": {
                "type": "git",
                "url": "https://github.com/symfony/Yaml.git",
                "reference": "b5922e0afc21531b84ddef806e66ba4f84f770b0"
            },
            "dist": {
                "type": "zip",
                "url": "https://api.github.com/repos/symfony/Yaml/zipball/b5922e0afc21531b84ddef806e66ba4f84f770b0",
                "reference": "b5922e0afc21531b84ddef806e66ba4f84f770b0",
                "shasum": ""
            },
            "require": {
                "php": ">=5.3.3"
            },
            "type": "library",
            "extra": {
                "branch-alias": {
                    "dev-master": "2.6-dev"
                }
            },
            "autoload": {
                "psr-0": {
                    "Symfony\\Component\\Yaml\\": ""
                }
            },
            "notification-url": "https://packagist.org/downloads/",
            "license": [
                "MIT"
            ],
            "authors": [
                {
                    "name": "Symfony Community",
                    "homepage": "http://symfony.com/contributors"
                },
                {
                    "name": "Fabien Potencier",
                    "email": "fabien@symfony.com"
                }
            ],
            "description": "Symfony Yaml Component",
            "homepage": "http://symfony.com",
            "time": "2014-08-31 03:28:38"
        },
        {
            "name": "watoki/scrut",
            "version": "dev-master",
            "source": {
                "type": "git",
                "url": "https://github.com/watoki/scrut.git",
                "reference": "e2bda9c849385e1b961c021c16dd2674b3f7437a"
            },
            "dist": {
                "type": "zip",
                "url": "https://api.github.com/repos/watoki/scrut/zipball/e2bda9c849385e1b961c021c16dd2674b3f7437a",
                "reference": "e2bda9c849385e1b961c021c16dd2674b3f7437a",
                "shasum": ""
            },
            "require": {
                "php": ">=5.3.8",
                "phpunit/phpunit": "3.7.*",
                "watoki/factory": "*"
            },
            "type": "library",
            "autoload": {
                "psr-0": {
                    "watoki\\scrut": "src/",
                    "spec\\watoki\\scrut": ""
                }
            },
            "notification-url": "https://packagist.org/downloads/",
            "license": [
                "MIT"
            ],
            "authors": [
                {
                    "name": "Nikolas Martens",
                    "email": "Nikolas.M@rtens.org",
                    "homepage": "http://rtens.org"
                }
            ],
            "description": "Live documentation web application for PHP.",
            "homepage": "http://github.com/watoki/scrut",
            "keywords": [
                "SbE",
                "living documentation",
                "test",
                "watoki"
            ],
            "time": "2014-08-01 10:26:24"
        }
    ],
    "aliases": [

    ],
    "minimum-stability": "dev",
    "stability-flags": [

    ],
    "platform": {
        "php": ">=5.4"
    },
    "platform-dev": [

    ]
}
